// !$*UTF8*$!
{
	archiveVersion = 1;
	classes = {
	};
	objectVersion = 46;
	objects = {

/* Begin PBXBuildFile section */
		2B3E67B71965CC4C002ADB3C /* Vangogh.m in Sources */ = {isa = PBXBuildFile; fileRef = 2B3E67B61965CC4C002ADB3C /* Vangogh.m */; };
		2B8E84971965C66A0082E388 /* VGAppDelegate.m in Sources */ = {isa = PBXBuildFile; fileRef = 2B8E84961965C66A0082E388 /* VGAppDelegate.m */; };
		2B8E84991965C66A0082E388 /* Images.xcassets in Resources */ = {isa = PBXBuildFile; fileRef = 2B8E84981965C66A0082E388 /* Images.xcassets */; };
		2B8E84B81965C7EC0082E388 /* VGDemoViewController.m in Sources */ = {isa = PBXBuildFile; fileRef = 2B8E84B71965C7EC0082E388 /* VGDemoViewController.m */; };
/* End PBXBuildFile section */

/* Begin PBXFileReference section */
		2B3E67B51965CC4C002ADB3C /* Vangogh.h */ = {isa = PBXFileReference; fileEncoding = 4; lastKnownFileType = sourcecode.c.h; path = Vangogh.h; sourceTree = "<group>"; };
		2B3E67B61965CC4C002ADB3C /* Vangogh.m */ = {isa = PBXFileReference; fileEncoding = 4; lastKnownFileType = sourcecode.c.objc; path = Vangogh.m; sourceTree = "<group>"; };
		2B8E84831965C66A0082E388 /* Vangogh.app */ = {isa = PBXFileReference; explicitFileType = wrapper.application; includeInIndex = 0; path = Vangogh.app; sourceTree = BUILT_PRODUCTS_DIR; };
		2B8E848E1965C66A0082E388 /* Info.plist */ = {isa = PBXFileReference; lastKnownFileType = text.plist.xml; path = Info.plist; sourceTree = "<group>"; };
		2B8E84951965C66A0082E388 /* VGAppDelegate.h */ = {isa = PBXFileReference; lastKnownFileType = sourcecode.c.h; path = VGAppDelegate.h; sourceTree = "<group>"; };
		2B8E84961965C66A0082E388 /* VGAppDelegate.m */ = {isa = PBXFileReference; lastKnownFileType = sourcecode.c.objc; path = VGAppDelegate.m; sourceTree = "<group>"; };
		2B8E84981965C66A0082E388 /* Images.xcassets */ = {isa = PBXFileReference; lastKnownFileType = folder.assetcatalog; path = Images.xcassets; sourceTree = "<group>"; };
		2B8E84B61965C7EC0082E388 /* VGDemoViewController.h */ = {isa = PBXFileReference; fileEncoding = 4; lastKnownFileType = sourcecode.c.h; path = VGDemoViewController.h; sourceTree = "<group>"; };
		2B8E84B71965C7EC0082E388 /* VGDemoViewController.m */ = {isa = PBXFileReference; fileEncoding = 4; lastKnownFileType = sourcecode.c.objc; path = VGDemoViewController.m; sourceTree = "<group>"; };
/* End PBXFileReference section */

/* Begin PBXFrameworksBuildPhase section */
		2B8E84801965C66A0082E388 /* Frameworks */ = {
			isa = PBXFrameworksBuildPhase;
			buildActionMask = 2147483647;
			files = (
			);
			runOnlyForDeploymentPostprocessing = 0;
		};
/* End PBXFrameworksBuildPhase section */

/* Begin PBXGroup section */
		2B3E67B41965CC4C002ADB3C /* Sources */ = {
			isa = PBXGroup;
			children = (
				2B3E67B51965CC4C002ADB3C /* Vangogh.h */,
				2B3E67B61965CC4C002ADB3C /* Vangogh.m */,
			);
			path = Sources;
			sourceTree = "<group>";
		};
		2B8E847A1965C66A0082E388 = {
			isa = PBXGroup;
			children = (
				2B3E67B41965CC4C002ADB3C /* Sources */,
				2B8E848C1965C66A0082E388 /* Demo */,
				2B8E84B51965C71E0082E388 /* Resources */,
				2B8E84841965C66A0082E388 /* Products */,
			);
			sourceTree = "<group>";
		};
		2B8E84841965C66A0082E388 /* Products */ = {
			isa = PBXGroup;
			children = (
				2B8E84831965C66A0082E388 /* Vangogh.app */,
			);
			name = Products;
			sourceTree = "<group>";
		};
		2B8E848C1965C66A0082E388 /* Demo */ = {
			isa = PBXGroup;
			children = (
				2B8E84951965C66A0082E388 /* VGAppDelegate.h */,
				2B8E84961965C66A0082E388 /* VGAppDelegate.m */,
				2B8E84B61965C7EC0082E388 /* VGDemoViewController.h */,
				2B8E84B71965C7EC0082E388 /* VGDemoViewController.m */,
			);
			path = Demo;
			sourceTree = "<group>";
		};
		2B8E84B51965C71E0082E388 /* Resources */ = {
			isa = PBXGroup;
			children = (
				2B8E84981965C66A0082E388 /* Images.xcassets */,
				2B8E848E1965C66A0082E388 /* Info.plist */,
			);
			path = Resources;
			sourceTree = "<group>";
		};
/* End PBXGroup section */

/* Begin PBXNativeTarget section */
		2B8E84821965C66A0082E388 /* Vangogh */ = {
			isa = PBXNativeTarget;
			buildConfigurationList = 2B8E84AF1965C66A0082E388 /* Build configuration list for PBXNativeTarget "Vangogh" */;
			buildPhases = (
				2B8E847F1965C66A0082E388 /* Sources */,
				2B8E84801965C66A0082E388 /* Frameworks */,
				2B8E84811965C66A0082E388 /* Resources */,
			);
			buildRules = (
			);
			dependencies = (
			);
			name = Vangogh;
			productName = Vangogh;
			productReference = 2B8E84831965C66A0082E388 /* Vangogh.app */;
			productType = "com.apple.product-type.application";
		};
/* End PBXNativeTarget section */

/* Begin PBXProject section */
		2B8E847B1965C66A0082E388 /* Project object */ = {
			isa = PBXProject;
			attributes = {
				CLASSPREFIX = VG;
				LastUpgradeCheck = 0510;
				ORGANIZATIONNAME = "Gil Shapira";
			};
			buildConfigurationList = 2B8E847E1965C66A0082E388 /* Build configuration list for PBXProject "Vangogh" */;
			compatibilityVersion = "Xcode 3.2";
			developmentRegion = English;
			hasScannedForEncodings = 0;
			knownRegions = (
				en,
			);
			mainGroup = 2B8E847A1965C66A0082E388;
			productRefGroup = 2B8E84841965C66A0082E388 /* Products */;
			projectDirPath = "";
			projectRoot = "";
			targets = (
				2B8E84821965C66A0082E388 /* Vangogh */,
			);
		};
/* End PBXProject section */

/* Begin PBXResourcesBuildPhase section */
		2B8E84811965C66A0082E388 /* Resources */ = {
			isa = PBXResourcesBuildPhase;
			buildActionMask = 2147483647;
			files = (
				2B8E84991965C66A0082E388 /* Images.xcassets in Resources */,
			);
			runOnlyForDeploymentPostprocessing = 0;
		};
/* End PBXResourcesBuildPhase section */

/* Begin PBXSourcesBuildPhase section */
		2B8E847F1965C66A0082E388 /* Sources */ = {
			isa = PBXSourcesBuildPhase;
			buildActionMask = 2147483647;
			files = (
				2B3E67B71965CC4C002ADB3C /* Vangogh.m in Sources */,
				2B8E84B81965C7EC0082E388 /* VGDemoViewController.m in Sources */,
				2B8E84971965C66A0082E388 /* VGAppDelegate.m in Sources */,
			);
			runOnlyForDeploymentPostprocessing = 0;
		};
/* End PBXSourcesBuildPhase section */

/* Begin XCBuildConfiguration section */
		2B8E84AD1965C66A0082E388 /* Debug */ = {
			isa = XCBuildConfiguration;
			buildSettings = {
				ALWAYS_SEARCH_USER_PATHS = NO;
				CLANG_CXX_LANGUAGE_STANDARD = "gnu++0x";
				CLANG_CXX_LIBRARY = "libc++";
				CLANG_ENABLE_MODULES = YES;
				CLANG_ENABLE_OBJC_ARC = YES;
				CLANG_WARN_BOOL_CONVERSION = YES;
				CLANG_WARN_CONSTANT_CONVERSION = YES;
				CLANG_WARN_DIRECT_OBJC_ISA_USAGE = YES_ERROR;
				CLANG_WARN_EMPTY_BODY = YES;
				CLANG_WARN_ENUM_CONVERSION = YES;
				CLANG_WARN_INT_CONVERSION = YES;
				CLANG_WARN_OBJC_ROOT_CLASS = YES_ERROR;
				CLANG_WARN__DUPLICATE_METHOD_MATCH = YES;
				"CODE_SIGN_IDENTITY[sdk=iphoneos*]" = "iPhone Developer";
				COPY_PHASE_STRIP = NO;
				GCC_C_LANGUAGE_STANDARD = gnu99;
				GCC_DYNAMIC_NO_PIC = NO;
				GCC_OPTIMIZATION_LEVEL = 0;
				GCC_PREPROCESSOR_DEFINITIONS = (
					"DEBUG=1",
					"$(inherited)",
				);
				GCC_SYMBOLS_PRIVATE_EXTERN = NO;
				GCC_WARN_64_TO_32_BIT_CONVERSION = YES;
				GCC_WARN_ABOUT_RETURN_TYPE = YES_ERROR;
				GCC_WARN_UNDECLARED_SELECTOR = YES;
				GCC_WARN_UNINITIALIZED_AUTOS = YES_AGGRESSIVE;
				GCC_WARN_UNUSED_FUNCTION = YES;
				GCC_WARN_UNUSED_VARIABLE = YES;
				IPHONEOS_DEPLOYMENT_TARGET = 7.0;
				ONLY_ACTIVE_ARCH = YES;
				SDKROOT = iphoneos;
				TARGETED_DEVICE_FAMILY = "1,2";
			};
			name = Debug;
		};
		2B8E84AE1965C66A0082E388 /* Release */ = {
			isa = XCBuildConfiguration;
			buildSettings = {
				ALWAYS_SEARCH_USER_PATHS = NO;
				CLANG_CXX_LANGUAGE_STANDARD = "gnu++0x";
				CLANG_CXX_LIBRARY = "libc++";
				CLANG_ENABLE_MODULES = YES;
				CLANG_ENABLE_OBJC_ARC = YES;
				CLANG_WARN_BOOL_CONVERSION = YES;
				CLANG_WARN_CONSTANT_CONVERSION = YES;
				CLANG_WARN_DIRECT_OBJC_ISA_USAGE = YES_ERROR;
				CLANG_WARN_EMPTY_BODY = YES;
				CLANG_WARN_ENUM_CONVERSION = YES;
				CLANG_WARN_INT_CONVERSION = YES;
				CLANG_WARN_OBJC_ROOT_CLASS = YES_ERROR;
				CLANG_WARN__DUPLICATE_METHOD_MATCH = YES;
				"CODE_SIGN_IDENTITY[sdk=iphoneos*]" = "iPhone Developer";
				COPY_PHASE_STRIP = YES;
				ENABLE_NS_ASSERTIONS = NO;
				GCC_C_LANGUAGE_STANDARD = gnu99;
				GCC_WARN_64_TO_32_BIT_CONVERSION = YES;
				GCC_WARN_ABOUT_RETURN_TYPE = YES_ERROR;
				GCC_WARN_UNDECLARED_SELECTOR = YES;
				GCC_WARN_UNINITIALIZED_AUTOS = YES_AGGRESSIVE;
				GCC_WARN_UNUSED_FUNCTION = YES;
				GCC_WARN_UNUSED_VARIABLE = YES;
				IPHONEOS_DEPLOYMENT_TARGET = 7.0;
				SDKROOT = iphoneos;
				TARGETED_DEVICE_FAMILY = "1,2";
				VALIDATE_PRODUCT = YES;
			};
			name = Release;
		};
		2B8E84B01965C66A0082E388 /* Debug */ = {
			isa = XCBuildConfiguration;
			buildSettings = {
				ASSETCATALOG_COMPILER_APPICON_NAME = AppIcon;
				ASSETCATALOG_COMPILER_LAUNCHIMAGE_NAME = LaunchImage;
				INFOPLIST_FILE = Resources/Info.plist;
				PRODUCT_NAME = "$(TARGET_NAME)";
				WRAPPER_EXTENSION = app;
			};
			name = Debug;
		};
		2B8E84B11965C66A0082E388 /* Release */ = {
			isa = XCBuildConfiguration;
			buildSettings = {
				ASSETCATALOG_COMPILER_APPICON_NAME = AppIcon;
				ASSETCATALOG_COMPILER_LAUNCHIMAGE_NAME = LaunchImage;
				INFOPLIST_FILE = Resources/Info.plist;
				PRODUCT_NAME = "$(TARGET_NAME)";
				WRAPPER_EXTENSION = app;
			};
			name = Release;
		};
/* End XCBuildConfiguration section */

/* Begin XCConfigurationList section */
		2B8E847E1965C66A0082E388 /* Build configuration list for PBXProject "Vangogh" */ = {
			isa = XCConfigurationList;
			buildConfigurations = (
				2B8E84AD1965C66A0082E388 /* Debug */,
				2B8E84AE1965C66A0082E388 /* Release */,
			);
			defaultConfigurationIsVisible = 0;
			defaultConfigurationName = Release;
		};
		2B8E84AF1965C66A0082E388 /* Build configuration list for PBXNativeTarget "Vangogh" */ = {
			isa = XCConfigurationList;
			buildConfigurations = (
				2B8E84B01965C66A0082E388 /* Debug */,
				2B8E84B11965C66A0082E388 /* Release */,
			);
			defaultConfigurationIsVisible = 0;
			defaultConfigurationName = Release;
		};
/* End XCConfigurationList section */
	};
	rootObject = 2B8E847B1965C66A0082E388 /* Project object */;
}
